version = 1
revision = 3
requires-python = ">=3.14"

[[package]]
name = "fire-control-api"
version = "0.1.0"
source = { virtual = "." }

[package.dev-dependencies]
dev = [
    { name = "prek" },
    { name = "ruff" },
]

[package.metadata]

[package.metadata.requires-dev]
dev = [
    { name = "prek", specifier = ">=0.3.6" },
    { name = "ruff", specifier = ">=0.15.6" },
]

[[package]]
name = "prek"
version = "0.3.6"
source = { registry = "https://pypi.org/simple" }
sdist = { url = "https://files.pythonhosted.org/packages/ab/e4/983840179c652feb9793c95b88abfe4b1f1d1aed7a791b45db97241be1a0/prek-0.3.6.tar.gz", hash = "sha256:bdf5c1e13ba0c04c2f488c5f90b1fd97a72aa740dc373b17fbbfc51898fa0377", size = 378106, upload-time = "2026-03-16T08:31:54.302Z" }
wheels = [
    { url = "https://files.pythonhosted.org/packages/04/05/157631f14fef32361a36956368a1e6559d857443d7585bc4c9225f4a4a18/prek-0.3.6-py3-none-linux_armv6l.whl", hash = "sha256:1713119cf0c390486786f4c84450ea584bcdf43979cc28e1350ec62e5d9a41ed", size = 5126301, upload-time = "2026-03-16T08:31:31.194Z" },
    { url = "https://files.pythonhosted.org/packages/54/f0/0918501708994d165c4bfc64c5749a263d04a08ae1196f3ad3b2e0d93b12/prek-0.3.6-py3-none-macosx_10_12_x86_64.whl", hash = "sha256:b68ef211fa60c53ec8866dcf38bacd8cb86b14f0e2b5491dd7a42370bee32e3e", size = 5527520, upload-time = "2026-03-16T08:31:41.948Z" },
    { url = "https://files.pythonhosted.org/packages/e3/9f/0d8ed2eaea58d8a7c5a3b0129914b7a73cd1a1fc7513a1d6b1efa0ec4ce4/prek-0.3.6-py3-none-macosx_11_0_arm64.whl", hash = "sha256:327b9030c3424c9fbcdf962992288295e89afe54fa94a7e0928e2691d1d2b53d", size = 5120490, upload-time = "2026-03-16T08:31:29.808Z" },
    { url = "https://files.pythonhosted.org/packages/d8/d5/63e21d19687816082df5bfd234f451b17858b37f500e2a8845cda1a031db/prek-0.3.6-py3-none-manylinux_2_17_aarch64.manylinux2014_aarch64.musllinux_1_1_aarch64.whl", hash = "sha256:61de3f019f5a082688654139fd9a3e03f74dbd4a09533667714d28833359114d", size = 5355957, upload-time = "2026-03-16T08:31:37.408Z" },
    { url = "https://files.pythonhosted.org/packages/e2/0e/bb52a352e5d7dc92eaebb69aeef4e5b7cddc47c646e24fe9d6a61956b45d/prek-0.3.6-py3-none-manylinux_2_17_armv7l.manylinux2014_armv7l.whl", hash = "sha256:5bbba688c5283c8e8c907fb00f7c79fce630129f27f77cbee67e356fcfdedea8", size = 5055675, upload-time = "2026-03-16T08:31:40.311Z" },
    { url = "https://files.pythonhosted.org/packages/34/8b/7c2a49314eb4909d50ee1c2171e00d524f9e080a5be598effbe36158d35c/prek-0.3.6-py3-none-manylinux_2_17_i686.manylinux2014_i686.whl", hash = "sha256:5dfe26bc2675114734fa626e7dc635f76e53a28fed7470ba6f32caf2f29cc21f", size = 5459285, upload-time = "2026-03-16T08:31:32.764Z" },
    { url = "https://files.pythonhosted.org/packages/70/11/86cbf205b111f93d45b5c04a61ea2cdcf12970b11277fa6a8eef1b8aaa0d/prek-0.3.6-py3-none-manylinux_2_17_s390x.manylinux2014_s390x.whl", hash = "sha256:3f8121060b4610411a936570ebb03b0f78c1b637c25d4914885b3bba127cb554", size = 6391127, upload-time = "2026-03-16T08:31:52.587Z" },
    { url = "https://files.pythonhosted.org/packages/0a/d3/bae4a351b9b095e317ad294817d3dff980d73a907a0449b49a9549894a80/prek-0.3.6-py3-none-manylinux_2_17_x86_64.manylinux2014_x86_64.whl", hash = "sha256:8a38d8061caae4ffd757316b9ef65409d808ae92482386385413365bad033c26", size = 5734755, upload-time = "2026-03-16T08:31:34.387Z" },
    { url = "https://files.pythonhosted.org/packages/ea/48/5b1d6d91407e14f86daf580a93f073d00b70f4dca8ff441d40971652a38e/prek-0.3.6-py3-none-manylinux_2_28_aarch64.whl", hash = "sha256:3d9e3b5031608657bec5d572fa45a41b6c7ddbe98f925f8240addbf57af55ea7", size = 5362190, upload-time = "2026-03-16T08:31:49.403Z" },
    { url = "https://files.pythonhosted.org/packages/08/18/38d6ea85770bb522d3dad18e8bbe435365e1e3e88f67716c2d8c2e57a36a/prek-0.3.6-py3-none-manylinux_2_31_riscv64.whl", hash = "sha256:a581d2903be460a236748fb3cfcb5b7dbe5b4af2409f06c0427b637676d4b78a", size = 5181858, upload-time = "2026-03-16T08:31:43.515Z" },
    { url = "https://files.pythonhosted.org/packages/3b/61/7179e9faffa3722a96fee8d9cebdb3982390410b85fc2aaeacfe49c361b5/prek-0.3.6-py3-none-musllinux_1_1_armv7l.whl", hash = "sha256:d663f1c467dccbd414ab0caa323230f33aa27797c575d98af1013866e1f83a12", size = 5023469, upload-time = "2026-03-16T08:31:35.975Z" },
    { url = "https://files.pythonhosted.org/packages/ad/69/8a496892f8c9c898dea8cfe4917bbd58808367975132457b5ab5ac095269/prek-0.3.6-py3-none-musllinux_1_1_i686.whl", hash = "sha256:cbc7f0b344432630e990a6c6dd512773fbb7253c8df3c3f78eedd80b115ed3c9", size = 5322570, upload-time = "2026-03-16T08:31:51.034Z" },
    { url = "https://files.pythonhosted.org/packages/95/ee/f174bcfd73e8337a4290cb7eaf70b37aaec228e4f5d5ec6e61e0546ee896/prek-0.3.6-py3-none-musllinux_1_1_x86_64.whl", hash = "sha256:6ef02ce9d2389daae85f099fd4f34aa5537e3670b5e2a3174c9110ce69958c10", size = 5848197, upload-time = "2026-03-16T08:31:44.975Z" },
    { url = "https://files.pythonhosted.org/packages/65/6b/06371fa895a4ee7b7160685e4d3e5f8d3c21826f27fff8ed00334f646b46/prek-0.3.6-py3-none-win32.whl", hash = "sha256:341763a9264133a34570da53de86bbb785d7caf050bf4b077b4f2b098b48e322", size = 4852902, upload-time = "2026-03-16T08:31:38.807Z" },
    { url = "https://files.pythonhosted.org/packages/b7/a3/63b25796e8cdaea1d62d4a82f4852cb4f52dcbad0cae465e9eabbe6acda8/prek-0.3.6-py3-none-win_amd64.whl", hash = "sha256:32803160223ecb1eefffd941804fc1175dc9376b24d10a0f03fef63dc7e10e7c", size = 5253284, upload-time = "2026-03-16T08:31:48.026Z" },
    { url = "https://files.pythonhosted.org/packages/e6/69/c031f2c6a30c921d6d3656750676c3436d9b8ada771193d36f26cd998066/prek-0.3.6-py3-none-win_arm64.whl", hash = "sha256:5003c183594e15a2d1e6a744c0ee7b1f7e28d7c2f05a1ea533e31e216b14f062", size = 5101874, upload-time = "2026-03-16T08:31:46.325Z" },
]

[[package]]
name = "ruff"
version = "0.15.6"
source = { registry = "https://pypi.org/simple" }
sdist = { url = "https://files.pythonhosted.org/packages/51/df/f8629c19c5318601d3121e230f74cbee7a3732339c52b21daa2b82ef9c7d/ruff-0.15.6.tar.gz", hash = "sha256:8394c7bb153a4e3811a4ecdacd4a8e6a4fa8097028119160dffecdcdf9b56ae4", size = 4597916, upload-time = "2026-03-12T23:05:47.51Z" }
wheels = [
    { url = "https://files.pythonhosted.org/packages/9e/2f/4e03a7e5ce99b517e98d3b4951f411de2b0fa8348d39cf446671adcce9a2/ruff-0.15.6-py3-none-linux_armv6l.whl", hash = "sha256:7c98c3b16407b2cf3d0f2b80c80187384bc92c6774d85fefa913ecd941256fff", size = 10508953, upload-time = "2026-03-12T23:05:17.246Z" },
    { url = "https://files.pythonhosted.org/packages/70/60/55bcdc3e9f80bcf39edf0cd272da6fa511a3d94d5a0dd9e0adf76ceebdb4/ruff-0.15.6-py3-none-macosx_10_12_x86_64.whl", hash = "sha256:ee7dcfaad8b282a284df4aa6ddc2741b3f4a18b0555d626805555a820ea181c3", size = 10942257, upload-time = "2026-03-12T23:05:23.076Z" },
    { url = "https://files.pythonhosted.org/packages/e7/f9/005c29bd1726c0f492bfa215e95154cf480574140cb5f867c797c18c790b/ruff-0.15.6-py3-none-macosx_11_0_arm64.whl", hash = "sha256:3bd9967851a25f038fc8b9ae88a7fbd1b609f30349231dffaa37b6804923c4bb", size = 10322683, upload-time = "2026-03-12T23:05:33.738Z" },
    { url = "https://files.pythonhosted.org/packages/5f/74/2f861f5fd7cbb2146bddb5501450300ce41562da36d21868c69b7a828169/ruff-0.15.6-py3-none-manylinux_2_17_aarch64.manylinux2014_aarch64.whl", hash = "sha256:13f4594b04e42cd24a41da653886b04d2ff87adbf57497ed4f728b0e8a4866f8", size = 10660986, upload-time = "2026-03-12T23:05:53.245Z" },
    { url = "https://files.pythonhosted.org/packages/c1/a1/309f2364a424eccb763cdafc49df843c282609f47fe53aa83f38272389e0/ruff-0.15.6-py3-none-manylinux_2_17_armv7l.manylinux2014_armv7l.whl", hash = "sha256:e2ed8aea2f3fe57886d3f00ea5b8aae5bf68d5e195f487f037a955ff9fbaac9e", size = 10332177, upload-time = "2026-03-12T23:05:56.145Z" },
    { url = "https://files.pythonhosted.org/packages/30/41/7ebf1d32658b4bab20f8ac80972fb19cd4e2c6b78552be263a680edc55ac/ruff-0.15.6-py3-none-manylinux_2_17_i686.manylinux2014_i686.whl", hash = "sha256:70789d3e7830b848b548aae96766431c0dc01a6c78c13381f423bf7076c66d15", size = 11170783, upload-time = "2026-03-12T23:06:01.742Z" },
    { url = "https://files.pythonhosted.org/packages/76/be/6d488f6adca047df82cd62c304638bcb00821c36bd4881cfca221561fdfc/ruff-0.15.6-py3-none-manylinux_2_17_ppc64le.manylinux2014_ppc64le.whl", hash = "sha256:542aaf1de3154cea088ced5a819ce872611256ffe2498e750bbae5247a8114e9", size = 12044201, upload-time = "2026-03-12T23:05:28.697Z" },
    { url = "https://files.pythonhosted.org/packages/71/68/e6f125df4af7e6d0b498f8d373274794bc5156b324e8ab4bf5c1b4fc0ec7/ruff-0.15.6-py3-none-manylinux_2_17_s390x.manylinux2014_s390x.whl", hash = "sha256:1c22e6f02c16cfac3888aa636e9eba857254d15bbacc9906c9689fdecb1953ab", size = 11421561, upload-time = "2026-03-12T23:05:31.236Z" },
    { url = "https://files.pythonhosted.org/packages/f1/9f/f85ef5fd01a52e0b472b26dc1b4bd228b8f6f0435975442ffa4741278703/ruff-0.15.6-py3-none-manylinux_2_17_x86_64.manylinux2014_x86_64.whl", hash = "sha256:98893c4c0aadc8e448cfa315bd0cc343a5323d740fe5f28ef8a3f9e21b381f7e", size = 11310928, upload-time = "2026-03-12T23:05:45.288Z" },
    { url = "https://files.pythonhosted.org/packages/8c/26/b75f8c421f5654304b89471ed384ae8c7f42b4dff58fa6ce1626d7f2b59a/ruff-0.15.6-py3-none-manylinux_2_31_riscv64.whl", hash = "sha256:70d263770d234912374493e8cc1e7385c5d49376e41dfa51c5c3453169dc581c", size = 11235186, upload-time = "2026-03-12T23:05:50.677Z" },
    { url = "https://files.pythonhosted.org/packages/fc/d4/d5a6d065962ff7a68a86c9b4f5500f7d101a0792078de636526c0edd40da/ruff-0.15.6-py3-none-musllinux_1_2_aarch64.whl", hash = "sha256:55a1ad63c5a6e54b1f21b7514dfadc0c7fb40093fa22e95143cf3f64ebdcd512", size = 10635231, upload-time = "2026-03-12T23:05:37.044Z" },
    { url = "https://files.pythonhosted.org/packages/d6/56/7c3acf3d50910375349016cf33de24be021532042afbed87942858992491/ruff-0.15.6-py3-none-musllinux_1_2_armv7l.whl", hash = "sha256:8dc473ba093c5ec238bb1e7429ee676dca24643c471e11fbaa8a857925b061c0", size = 10340357, upload-time = "2026-03-12T23:06:04.748Z" },
    { url = "https://files.pythonhosted.org/packages/06/54/6faa39e9c1033ff6a3b6e76b5df536931cd30caf64988e112bbf91ef5ce5/ruff-0.15.6-py3-none-musllinux_1_2_i686.whl", hash = "sha256:85b042377c2a5561131767974617006f99f7e13c63c111b998f29fc1e58a4cfb", size = 10860583, upload-time = "2026-03-12T23:05:58.978Z" },
    { url = "https://files.pythonhosted.org/packages/cb/1e/509a201b843b4dfb0b32acdedf68d951d3377988cae43949ba4c4133a96a/ruff-0.15.6-py3-none-musllinux_1_2_x86_64.whl", hash = "sha256:cef49e30bc5a86a6a92098a7fbf6e467a234d90b63305d6f3ec01225a9d092e0", size = 11410976, upload-time = "2026-03-12T23:05:39.955Z" },
    { url = "https://files.pythonhosted.org/packages/6c/25/3fc9114abf979a41673ce877c08016f8e660ad6cf508c3957f537d2e9fa9/ruff-0.15.6-py3-none-win32.whl", hash = "sha256:bbf67d39832404812a2d23020dda68fee7f18ce15654e96fb1d3ad21a5fe436c", size = 10616872, upload-time = "2026-03-12T23:05:42.451Z" },
    { url = "https://files.pythonhosted.org/packages/89/7a/09ece68445ceac348df06e08bf75db72d0e8427765b96c9c0ffabc1be1d9/ruff-0.15.6-py3-none-win_amd64.whl", hash = "sha256:aee25bc84c2f1007ecb5037dff75cef00414fdf17c23f07dc13e577883dca406", size = 11787271, upload-time = "2026-03-12T23:05:20.168Z" },
    { url = "https://files.pythonhosted.org/packages/7f/d0/578c47dd68152ddddddf31cd7fc67dc30b7cdf639a86275fda821b0d9d98/ruff-0.15.6-py3-none-win_arm64.whl", hash = "sha256:c34de3dd0b0ba203be50ae70f5910b17188556630e2178fd7d79fc030eb0d837", size = 11060497, upload-time = "2026-03-12T23:05:25.968Z" },
]
